{
  "lockfileVersion": 1,
  "configVersion": 1,
  "workspaces": {
    "": {
      "name": "@rndrntwrk/alice-access-gateway",
      "dependencies": {
        "@cloudflare/containers": "0.3.7",
      },
    },
  },
  "packages": {
    "@cloudflare/containers": ["@cloudflare/containers@0.3.7", "", {}, "sha512-DM9dm3FnIBSyiSJ1FLavKwl/lk3oAmTaynCzZQ9pZR0ncRPquSxkxd8Nu2MFILxmDDsPkxKsSNEh9mHHMty4Fw=="],
  }
}
