PODS:
  - Capacitor (8.0.2):
    - CapacitorCordova
  - CapacitorApp (8.0.0):
    - Capacitor
  - CapacitorCordova (8.0.2)
  - CapacitorHaptics (8.0.0):
    - Capacitor
  - CapacitorKeyboard (8.0.0):
    - Capacitor
  - CapacitorPreferences (8.0.0):
    - Capacitor
  - CapacitorStatusBar (8.0.0):
    - Capacitor
  - MiladyCapacitorAgent (1.0.0):
    - Capacitor
  - MiladyCapacitorCamera (1.0.0):
    - Capacitor
  - MiladyCapacitorCanvas (1.0.0):
    - Capacitor
  - MiladyCapacitorGateway (1.0.0):
    - Capacitor
  - MiladyCapacitorLocation (1.0.0):
    - Capacitor
  - MiladyCapacitorScreencapture (1.0.0):
    - Capacitor
  - MiladyCapacitorSwabble (1.0.0):
    - Capacitor
  - MiladyCapacitorTalkmode (1.0.0):
    - Capacitor

DEPENDENCIES:
  - "Capacitor (from `../../node_modules/@capacitor/ios`)"
  - "CapacitorApp (from `../../node_modules/@capacitor/app`)"
  - "CapacitorCordova (from `../../node_modules/@capacitor/ios`)"
  - "CapacitorHaptics (from `../../node_modules/@capacitor/haptics`)"
  - "CapacitorKeyboard (from `../../node_modules/@capacitor/keyboard`)"
  - "CapacitorPreferences (from `../../node_modules/@capacitor/preferences`)"
  - "CapacitorStatusBar (from `../../node_modules/@capacitor/status-bar`)"
  - MiladyCapacitorAgent (from `../../plugins/agent`)
  - MiladyCapacitorCamera (from `../../plugins/camera`)
  - MiladyCapacitorCanvas (from `../../plugins/canvas`)
  - MiladyCapacitorGateway (from `../../plugins/gateway`)
  - MiladyCapacitorLocation (from `../../plugins/location`)
  - MiladyCapacitorScreencapture (from `../../plugins/screencapture`)
  - MiladyCapacitorSwabble (from `../../plugins/swabble`)
  - MiladyCapacitorTalkmode (from `../../plugins/talkmode`)

EXTERNAL SOURCES:
  Capacitor:
    :path: "../../node_modules/@capacitor/ios"
  CapacitorApp:
    :path: "../../node_modules/@capacitor/app"
  CapacitorCordova:
    :path: "../../node_modules/@capacitor/ios"
  CapacitorHaptics:
    :path: "../../node_modules/@capacitor/haptics"
  CapacitorKeyboard:
    :path: "../../node_modules/@capacitor/keyboard"
  CapacitorPreferences:
    :path: "../../node_modules/@capacitor/preferences"
  CapacitorStatusBar:
    :path: "../../node_modules/@capacitor/status-bar"
  MiladyCapacitorAgent:
    :path: "../../plugins/agent"
  MiladyCapacitorCamera:
    :path: "../../plugins/camera"
  MiladyCapacitorCanvas:
    :path: "../../plugins/canvas"
  MiladyCapacitorGateway:
    :path: "../../plugins/gateway"
  MiladyCapacitorLocation:
    :path: "../../plugins/location"
  MiladyCapacitorScreencapture:
    :path: "../../plugins/screencapture"
  MiladyCapacitorSwabble:
    :path: "../../plugins/swabble"
  MiladyCapacitorTalkmode:
    :path: "../../plugins/talkmode"

SPEC CHECKSUMS:
  Capacitor: 2b79172ad27f3be2d103cce88b8eb9803fdcc744
  CapacitorApp: 3963a84197280757b84f126afd1520a85ae3b092
  CapacitorCordova: 921bdb690ebe82421b24fce45552fd3dea2ae43a
  CapacitorHaptics: 2079d9fa04c5a71e18663b4722323c304c58245c
  CapacitorKeyboard: d7868c079a4d5277a3deca27a10a488fcbbb8b69
  CapacitorPreferences: 443fabe9670226200e595658a87ef0b1566716d4
  CapacitorStatusBar: 312e2e67928dfe9514c4a8916a1fd610552f5f35
  MiladyCapacitorAgent: e3ee4366987dab9475b39ddf5efc0677b078bc5c
  MiladyCapacitorCamera: 8e229fe3bf1ac181c39d91d7ce3f19f39508bec4
  MiladyCapacitorCanvas: f82b0c51c6a5747fad559bd02865115699ddc35c
  MiladyCapacitorGateway: 1d6d7693508c91ed2d650cf9e07ef26d3f7184c7
  MiladyCapacitorLocation: aecdcbe744a2b2d81bf8fb72fcd8269ce760f131
  MiladyCapacitorScreencapture: e521ed8daf52d57cad263bfeb0ccd9af46280464
  MiladyCapacitorSwabble: 0fc4ec22f9f404cd745c3ddfdda46938e89d5a32
  MiladyCapacitorTalkmode: 8428b459472d5319912afa91b832992b92ed2afe

PODFILE CHECKSUM: e86a758223ad487d96c83fddc1a02c7786bf4652

COCOAPODS: 1.16.2
