PODS:
  - Capacitor (8.1.0):
    - CapacitorCordova
  - CapacitorApp (8.0.1):
    - Capacitor
  - CapacitorCordova (8.1.0)
  - CapacitorHaptics (8.0.0):
    - Capacitor
  - CapacitorKeyboard (8.0.0):
    - Capacitor
  - CapacitorPreferences (8.0.1):
    - Capacitor
  - CapacitorStatusBar (8.0.1):
    - Capacitor
  - MiladyCapacitorAgent (1.0.0):
    - Capacitor
  - MiladyCapacitorCamera (1.0.0):
    - Capacitor
  - MiladyCapacitorCanvas (1.0.0):
    - Capacitor
  - MiladyCapacitorGateway (1.0.0):
    - Capacitor
  - MiladyCapacitorLocation (1.0.0):
    - Capacitor
  - MiladyCapacitorScreencapture (1.0.0):
    - Capacitor
  - MiladyCapacitorSwabble (1.0.0):
    - Capacitor
  - MiladyCapacitorTalkmode (1.0.0):
    - Capacitor

DEPENDENCIES:
  - "Capacitor (from `../../../../node_modules/.bun/@capacitor+ios@8.1.0+15945e198350fa93/node_modules/@capacitor/ios`)"
  - "CapacitorApp (from `../../../../node_modules/.bun/@capacitor+app@8.0.1+15945e198350fa93/node_modules/@capacitor/app`)"
  - "CapacitorCordova (from `../../../../node_modules/.bun/@capacitor+ios@8.1.0+15945e198350fa93/node_modules/@capacitor/ios`)"
  - "CapacitorHaptics (from `../../../../node_modules/.bun/@capacitor+haptics@8.0.0+15945e198350fa93/node_modules/@capacitor/haptics`)"
  - "CapacitorKeyboard (from `../../../../node_modules/.bun/@capacitor+keyboard@8.0.0+15945e198350fa93/node_modules/@capacitor/keyboard`)"
  - "CapacitorPreferences (from `../../../../node_modules/.bun/@capacitor+preferences@8.0.1+15945e198350fa93/node_modules/@capacitor/preferences`)"
  - "CapacitorStatusBar (from `../../../../node_modules/.bun/@capacitor+status-bar@8.0.1+15945e198350fa93/node_modules/@capacitor/status-bar`)"
  - MiladyCapacitorAgent (from `../../plugins/agent`)
  - MiladyCapacitorCamera (from `../../plugins/camera`)
  - MiladyCapacitorCanvas (from `../../plugins/canvas`)
  - MiladyCapacitorGateway (from `../../plugins/gateway`)
  - MiladyCapacitorLocation (from `../../plugins/location`)
  - MiladyCapacitorScreencapture (from `../../plugins/screencapture`)
  - MiladyCapacitorSwabble (from `../../plugins/swabble`)
  - MiladyCapacitorTalkmode (from `../../plugins/talkmode`)

EXTERNAL SOURCES:
  Capacitor:
    :path: "../../../../node_modules/.bun/@capacitor+ios@8.1.0+15945e198350fa93/node_modules/@capacitor/ios"
  CapacitorApp:
    :path: "../../../../node_modules/.bun/@capacitor+app@8.0.1+15945e198350fa93/node_modules/@capacitor/app"
  CapacitorCordova:
    :path: "../../../../node_modules/.bun/@capacitor+ios@8.1.0+15945e198350fa93/node_modules/@capacitor/ios"
  CapacitorHaptics:
    :path: "../../../../node_modules/.bun/@capacitor+haptics@8.0.0+15945e198350fa93/node_modules/@capacitor/haptics"
  CapacitorKeyboard:
    :path: "../../../../node_modules/.bun/@capacitor+keyboard@8.0.0+15945e198350fa93/node_modules/@capacitor/keyboard"
  CapacitorPreferences:
    :path: "../../../../node_modules/.bun/@capacitor+preferences@8.0.1+15945e198350fa93/node_modules/@capacitor/preferences"
  CapacitorStatusBar:
    :path: "../../../../node_modules/.bun/@capacitor+status-bar@8.0.1+15945e198350fa93/node_modules/@capacitor/status-bar"
  MiladyCapacitorAgent:
    :path: "../../plugins/agent"
  MiladyCapacitorCamera:
    :path: "../../plugins/camera"
  MiladyCapacitorCanvas:
    :path: "../../plugins/canvas"
  MiladyCapacitorGateway:
    :path: "../../plugins/gateway"
  MiladyCapacitorLocation:
    :path: "../../plugins/location"
  MiladyCapacitorScreencapture:
    :path: "../../plugins/screencapture"
  MiladyCapacitorSwabble:
    :path: "../../plugins/swabble"
  MiladyCapacitorTalkmode:
    :path: "../../plugins/talkmode"

SPEC CHECKSUMS:
  Capacitor: 47b825120c6b8b6d6f9f053e9350a8960d436710
  CapacitorApp: 942306cd1acf7774a00e89a3986af3a67c8cad7a
  CapacitorCordova: e8b76fd95fc1e157775abc484c59cc0de464095d
  CapacitorHaptics: 2079d9fa04c5a71e18663b4722323c304c58245c
  CapacitorKeyboard: d7868c079a4d5277a3deca27a10a488fcbbb8b69
  CapacitorPreferences: cca2021f386efb75947c850334447d9ff22b14f1
  CapacitorStatusBar: 32206abd53b14f339763da26f71286deaa891e16
  MiladyCapacitorAgent: 8cee8d946a02612a981108afc505feb4b6e31345
  MiladyCapacitorCamera: 26c6971783a3d2b7a00e7df2ee92765b8a5eecf6
  MiladyCapacitorCanvas: 9b9c3e8e7703270f880b859aeb9f7f76a322135e
  MiladyCapacitorGateway: 44e0190f0f55d79216b1c3bdf6621fd43e3cbb6d
  MiladyCapacitorLocation: 05b0a488d8a693a720a6fb84dab5aa01f62b83da
  MiladyCapacitorScreencapture: e08a3ee59dc3d9b23aac3fc78f68a74cde4fb8f0
  MiladyCapacitorSwabble: bb15013437ab2da54c10106c59feb1b4cfcaa7f5
  MiladyCapacitorTalkmode: 226beee5fc130d19fcfb967a6021bd2a6c68cd64

PODFILE CHECKSUM: a1949ade4519fcd9b9c1000786b0148838a8f366

COCOAPODS: 1.16.2
